// !$*UTF8*$!
{
	archiveVersion = 1;
	classes = {
	};
	objectVersion = 50;
	objects = {

/* Begin PBXBuildFile section */
		2A06A1C522479E6900F42895 /* GDTextField.swift in Sources */ = {isa = PBXBuildFile; fileRef = 2A06A1C422479E6900F42895 /* GDTextField.swift */; };
		2A08E2B82230BAE900A7B3C0 /* GDNewItemPopup.swift in Sources */ = {isa = PBXBuildFile; fileRef = 2A08E2B72230BAE900A7B3C0 /* GDNewItemPopup.swift */; };
		2A1DFED42288036D00DC943B /* GDTableView.swift in Sources */ = {isa = PBXBuildFile; fileRef = 2A1DFED32288036D00DC943B /* GDTableView.swift */; };
		2A248408222D3AE10054E069 /* protocol.swift in Sources */ = {isa = PBXBuildFile; fileRef = 2A248407222D3AE10054E069 /* protocol.swift */; };
		2A6818F422184CDE00197B8D /* AppDelegate.swift in Sources */ = {isa = PBXBuildFile; fileRef = 2A6818F322184CDE00197B8D /* AppDelegate.swift */; };
		2A6818F622184CDE00197B8D /* WelcomeController.swift in Sources */ = {isa = PBXBuildFile; fileRef = 2A6818F522184CDE00197B8D /* WelcomeController.swift */; };
		2A6818FC22184CDE00197B8D /* GetItDone.xcdatamodeld in Sources */ = {isa = PBXBuildFile; fileRef = 2A6818FA22184CDE00197B8D /* GetItDone.xcdatamodeld */; };
		2A6818FE22184CE000197B8D /* Assets.xcassets in Resources */ = {isa = PBXBuildFile; fileRef = 2A6818FD22184CE000197B8D /* Assets.xcassets */; };
		2A68190122184CE000197B8D /* LaunchScreen.storyboard in Resources */ = {isa = PBXBuildFile; fileRef = 2A6818FF22184CE000197B8D /* LaunchScreen.storyboard */; };
		2A9D6104221CDB4C0032E2B6 /* GDLabel.swift in Sources */ = {isa = PBXBuildFile; fileRef = 2A9D6103221CDB4C0032E2B6 /* GDLabel.swift */; };
		2A9F4DDD2225605700916B8F /* GDHeader.swift in Sources */ = {isa = PBXBuildFile; fileRef = 2A9F4DDC2225605700916B8F /* GDHeader.swift */; };
		2ADBB48822218BF10049583C /* Raleway-v4020-Regular.otf in Resources */ = {isa = PBXBuildFile; fileRef = 2ADBB48722218BF10049583C /* Raleway-v4020-Regular.otf */; };
		2ADD802F22262BFA00236647 /* optionset.swift in Sources */ = {isa = PBXBuildFile; fileRef = 2ADD802E22262BFA00236647 /* optionset.swift */; };
		2AE0686322240B640022C243 /* GDButton.swift in Sources */ = {isa = PBXBuildFile; fileRef = 2AE0686222240B640022C243 /* GDButton.swift */; };
		2AE06865222412200022C243 /* ListController.swift in Sources */ = {isa = PBXBuildFile; fileRef = 2AE06864222412200022C243 /* ListController.swift */; };
		2AE4643C221AE371004CB539 /* GDGradient.swift in Sources */ = {isa = PBXBuildFile; fileRef = 2AE4643B221AE371004CB539 /* GDGradient.swift */; };
		2AE4643F221AE652004CB539 /* extension.swift in Sources */ = {isa = PBXBuildFile; fileRef = 2AE4643E221AE652004CB539 /* extension.swift */; };
/* End PBXBuildFile section */

/* Begin PBXFileReference section */
		2A06A1C422479E6900F42895 /* GDTextField.swift */ = {isa = PBXFileReference; lastKnownFileType = sourcecode.swift; path = GDTextField.swift; sourceTree = "<group>"; };
		2A08E2B72230BAE900A7B3C0 /* GDNewItemPopup.swift */ = {isa = PBXFileReference; lastKnownFileType = sourcecode.swift; path = GDNewItemPopup.swift; sourceTree = "<group>"; };
		2A1DFED32288036D00DC943B /* GDTableView.swift */ = {isa = PBXFileReference; lastKnownFileType = sourcecode.swift; path = GDTableView.swift; sourceTree = "<group>"; };
		2A248407222D3AE10054E069 /* protocol.swift */ = {isa = PBXFileReference; lastKnownFileType = sourcecode.swift; path = protocol.swift; sourceTree = "<group>"; };
		2A6818F022184CDE00197B8D /* GetItDone.app */ = {isa = PBXFileReference; explicitFileType = wrapper.application; includeInIndex = 0; path = GetItDone.app; sourceTree = BUILT_PRODUCTS_DIR; };
		2A6818F322184CDE00197B8D /* AppDelegate.swift */ = {isa = PBXFileReference; lastKnownFileType = sourcecode.swift; path = AppDelegate.swift; sourceTree = "<group>"; };
		2A6818F522184CDE00197B8D /* WelcomeController.swift */ = {isa = PBXFileReference; lastKnownFileType = sourcecode.swift; path = WelcomeController.swift; sourceTree = "<group>"; };
		2A6818FB22184CDE00197B8D /* GetItDone.xcdatamodel */ = {isa = PBXFileReference; lastKnownFileType = wrapper.xcdatamodel; path = GetItDone.xcdatamodel; sourceTree = "<group>"; };
		2A6818FD22184CE000197B8D /* Assets.xcassets */ = {isa = PBXFileReference; lastKnownFileType = folder.assetcatalog; path = Assets.xcassets; sourceTree = "<group>"; };
		2A68190022184CE000197B8D /* Base */ = {isa = PBXFileReference; lastKnownFileType = file.storyboard; name = Base; path = Base.lproj/LaunchScreen.storyboard; sourceTree = "<group>"; };
		2A68190222184CE000197B8D /* Info.plist */ = {isa = PBXFileReference; lastKnownFileType = text.plist.xml; path = Info.plist; sourceTree = "<group>"; };
		2A9D6103221CDB4C0032E2B6 /* GDLabel.swift */ = {isa = PBXFileReference; lastKnownFileType = sourcecode.swift; path = GDLabel.swift; sourceTree = "<group>"; };
		2A9F4DDC2225605700916B8F /* GDHeader.swift */ = {isa = PBXFileReference; lastKnownFileType = sourcecode.swift; path = GDHeader.swift; sourceTree = "<group>"; };
		2ADBB48722218BF10049583C /* Raleway-v4020-Regular.otf */ = {isa = PBXFileReference; lastKnownFileType = file; path = "Raleway-v4020-Regular.otf"; sourceTree = "<group>"; };
		2ADD802E22262BFA00236647 /* optionset.swift */ = {isa = PBXFileReference; lastKnownFileType = sourcecode.swift; path = optionset.swift; sourceTree = "<group>"; };
		2AE0686222240B640022C243 /* GDButton.swift */ = {isa = PBXFileReference; lastKnownFileType = sourcecode.swift; path = GDButton.swift; sourceTree = "<group>"; };
		2AE06864222412200022C243 /* ListController.swift */ = {isa = PBXFileReference; lastKnownFileType = sourcecode.swift; path = ListController.swift; sourceTree = "<group>"; };
		2AE4643B221AE371004CB539 /* GDGradient.swift */ = {isa = PBXFileReference; lastKnownFileType = sourcecode.swift; path = GDGradient.swift; sourceTree = "<group>"; };
		2AE4643E221AE652004CB539 /* extension.swift */ = {isa = PBXFileReference; lastKnownFileType = sourcecode.swift; path = extension.swift; sourceTree = "<group>"; };
/* End PBXFileReference section */

/* Begin PBXFrameworksBuildPhase section */
		2A6818ED22184CDE00197B8D /* Frameworks */ = {
			isa = PBXFrameworksBuildPhase;
			buildActionMask = 2147483647;
			files = (
			);
			runOnlyForDeploymentPostprocessing = 0;
		};
/* End PBXFrameworksBuildPhase section */

/* Begin PBXGroup section */
		2A5C9D3A221EFB1200275C78 /* fonts */ = {
			isa = PBXGroup;
			children = (
			);
			path = fonts;
			sourceTree = "<group>";
		};
		2A6818E722184CDE00197B8D = {
			isa = PBXGroup;
			children = (
				2A6818F222184CDE00197B8D /* GetItDone */,
				2A6818F122184CDE00197B8D /* Products */,
			);
			sourceTree = "<group>";
		};
		2A6818F122184CDE00197B8D /* Products */ = {
			isa = PBXGroup;
			children = (
				2A6818F022184CDE00197B8D /* GetItDone.app */,
			);
			name = Products;
			sourceTree = "<group>";
		};
		2A6818F222184CDE00197B8D /* GetItDone */ = {
			isa = PBXGroup;
			children = (
				2A6818F322184CDE00197B8D /* AppDelegate.swift */,
				2A5C9D3A221EFB1200275C78 /* fonts */,
				2AE4643D221AE63C004CB539 /* extensions */,
				2A9D6102221CDB1F0032E2B6 /* custom */,
				2A9F4DDE222562A400916B8F /* controllers */,
				2A6818FD22184CE000197B8D /* Assets.xcassets */,
				2A6818FF22184CE000197B8D /* LaunchScreen.storyboard */,
				2A68190222184CE000197B8D /* Info.plist */,
				2A6818FA22184CDE00197B8D /* GetItDone.xcdatamodeld */,
			);
			path = GetItDone;
			sourceTree = "<group>";
		};
		2A9D6102221CDB1F0032E2B6 /* custom */ = {
			isa = PBXGroup;
			children = (
				2A9F4DDC2225605700916B8F /* GDHeader.swift */,
				2ADBB48722218BF10049583C /* Raleway-v4020-Regular.otf */,
				2AE4643B221AE371004CB539 /* GDGradient.swift */,
				2A9D6103221CDB4C0032E2B6 /* GDLabel.swift */,
				2AE0686222240B640022C243 /* GDButton.swift */,
				2A08E2B72230BAE900A7B3C0 /* GDNewItemPopup.swift */,
				2A06A1C422479E6900F42895 /* GDTextField.swift */,
				2A1DFED32288036D00DC943B /* GDTableView.swift */,
			);
			path = custom;
			sourceTree = "<group>";
		};
		2A9F4DDE222562A400916B8F /* controllers */ = {
			isa = PBXGroup;
			children = (
				2A6818F522184CDE00197B8D /* WelcomeController.swift */,
				2AE06864222412200022C243 /* ListController.swift */,
			);
			path = controllers;
			sourceTree = "<group>";
		};
		2AE4643D221AE63C004CB539 /* extensions */ = {
			isa = PBXGroup;
			children = (
				2AE4643E221AE652004CB539 /* extension.swift */,
				2ADD802E22262BFA00236647 /* optionset.swift */,
				2A248407222D3AE10054E069 /* protocol.swift */,
			);
			path = extensions;
			sourceTree = "<group>";
		};
/* End PBXGroup section */

/* Begin PBXNativeTarget section */
		2A6818EF22184CDE00197B8D /* GetItDone */ = {
			isa = PBXNativeTarget;
			buildConfigurationList = 2A68190522184CE000197B8D /* Build configuration list for PBXNativeTarget "GetItDone" */;
			buildPhases = (
				2A6818EC22184CDE00197B8D /* Sources */,
				2A6818ED22184CDE00197B8D /* Frameworks */,
				2A6818EE22184CDE00197B8D /* Resources */,
			);
			buildRules = (
			);
			dependencies = (
			);
			name = GetItDone;
			productName = GetItDone;
			productReference = 2A6818F022184CDE00197B8D /* GetItDone.app */;
			productType = "com.apple.product-type.application";
		};
/* End PBXNativeTarget section */

/* Begin PBXProject section */
		2A6818E822184CDE00197B8D /* Project object */ = {
			isa = PBXProject;
			attributes = {
				LastSwiftUpdateCheck = 1010;
				LastUpgradeCheck = 1010;
				ORGANIZATIONNAME = "Jungian Typology";
				TargetAttributes = {
					2A6818EF22184CDE00197B8D = {
						CreatedOnToolsVersion = 10.1;
					};
				};
			};
			buildConfigurationList = 2A6818EB22184CDE00197B8D /* Build configuration list for PBXProject "GetItDone" */;
			compatibilityVersion = "Xcode 9.3";
			developmentRegion = en;
			hasScannedForEncodings = 0;
			knownRegions = (
				en,
				Base,
			);
			mainGroup = 2A6818E722184CDE00197B8D;
			productRefGroup = 2A6818F122184CDE00197B8D /* Products */;
			projectDirPath = "";
			projectRoot = "";
			targets = (
				2A6818EF22184CDE00197B8D /* GetItDone */,
			);
		};
/* End PBXProject section */

/* Begin PBXResourcesBuildPhase section */
		2A6818EE22184CDE00197B8D /* Resources */ = {
			isa = PBXResourcesBuildPhase;
			buildActionMask = 2147483647;
			files = (
				2ADBB48822218BF10049583C /* Raleway-v4020-Regular.otf in Resources */,
				2A68190122184CE000197B8D /* LaunchScreen.storyboard in Resources */,
				2A6818FE22184CE000197B8D /* Assets.xcassets in Resources */,
			);
			runOnlyForDeploymentPostprocessing = 0;
		};
/* End PBXResourcesBuildPhase section */

/* Begin PBXSourcesBuildPhase section */
		2A6818EC22184CDE00197B8D /* Sources */ = {
			isa = PBXSourcesBuildPhase;
			buildActionMask = 2147483647;
			files = (
				2AE4643C221AE371004CB539 /* GDGradient.swift in Sources */,
				2AE0686322240B640022C243 /* GDButton.swift in Sources */,
				2A9D6104221CDB4C0032E2B6 /* GDLabel.swift in Sources */,
				2A6818F622184CDE00197B8D /* WelcomeController.swift in Sources */,
				2A6818FC22184CDE00197B8D /* GetItDone.xcdatamodeld in Sources */,
				2AE4643F221AE652004CB539 /* extension.swift in Sources */,
				2A06A1C522479E6900F42895 /* GDTextField.swift in Sources */,
				2A08E2B82230BAE900A7B3C0 /* GDNewItemPopup.swift in Sources */,
				2A1DFED42288036D00DC943B /* GDTableView.swift in Sources */,
				2A9F4DDD2225605700916B8F /* GDHeader.swift in Sources */,
				2ADD802F22262BFA00236647 /* optionset.swift in Sources */,
				2A248408222D3AE10054E069 /* protocol.swift in Sources */,
				2A6818F422184CDE00197B8D /* AppDelegate.swift in Sources */,
				2AE06865222412200022C243 /* ListController.swift in Sources */,
			);
			runOnlyForDeploymentPostprocessing = 0;
		};
/* End PBXSourcesBuildPhase section */

/* Begin PBXVariantGroup section */
		2A6818FF22184CE000197B8D /* LaunchScreen.storyboard */ = {
			isa = PBXVariantGroup;
			children = (
				2A68190022184CE000197B8D /* Base */,
			);
			name = LaunchScreen.storyboard;
			sourceTree = "<group>";
		};
/* End PBXVariantGroup section */

/* Begin XCBuildConfiguration section */
		2A68190322184CE000197B8D /* Debug */ = {
			isa = XCBuildConfiguration;
			buildSettings = {
				ALWAYS_SEARCH_USER_PATHS = NO;
				CLANG_ANALYZER_NONNULL = YES;
				CLANG_ANALYZER_NUMBER_OBJECT_CONVERSION = YES_AGGRESSIVE;
				CLANG_CXX_LANGUAGE_STANDARD = "gnu++14";
				CLANG_CXX_LIBRARY = "libc++";
				CLANG_ENABLE_MODULES = YES;
				CLANG_ENABLE_OBJC_ARC = YES;
				CLANG_ENABLE_OBJC_WEAK = YES;
				CLANG_WARN_BLOCK_CAPTURE_AUTORELEASING = YES;
				CLANG_WARN_BOOL_CONVERSION = YES;
				CLANG_WARN_COMMA = YES;
				CLANG_WARN_CONSTANT_CONVERSION = YES;
				CLANG_WARN_DEPRECATED_OBJC_IMPLEMENTATIONS = YES;
				CLANG_WARN_DIRECT_OBJC_ISA_USAGE = YES_ERROR;
				CLANG_WARN_DOCUMENTATION_COMMENTS = YES;
				CLANG_WARN_EMPTY_BODY = YES;
				CLANG_WARN_ENUM_CONVERSION = YES;
				CLANG_WARN_INFINITE_RECURSION = YES;
				CLANG_WARN_INT_CONVERSION = YES;
				CLANG_WARN_NON_LITERAL_NULL_CONVERSION = YES;
				CLANG_WARN_OBJC_IMPLICIT_RETAIN_SELF = YES;
				CLANG_WARN_OBJC_LITERAL_CONVERSION = YES;
				CLANG_WARN_OBJC_ROOT_CLASS = YES_ERROR;
				CLANG_WARN_RANGE_LOOP_ANALYSIS = YES;
				CLANG_WARN_STRICT_PROTOTYPES = YES;
				CLANG_WARN_SUSPICIOUS_MOVE = YES;
				CLANG_WARN_UNGUARDED_AVAILABILITY = YES_AGGRESSIVE;
				CLANG_WARN_UNREACHABLE_CODE = YES;
				CLANG_WARN__DUPLICATE_METHOD_MATCH = YES;
				CODE_SIGN_IDENTITY = "iPhone Developer";
				COPY_PHASE_STRIP = NO;
				DEBUG_INFORMATION_FORMAT = dwarf;
				ENABLE_STRICT_OBJC_MSGSEND = YES;
				ENABLE_TESTABILITY = YES;
				GCC_C_LANGUAGE_STANDARD = gnu11;
				GCC_DYNAMIC_NO_PIC = NO;
				GCC_NO_COMMON_BLOCKS = YES;
				GCC_OPTIMIZATION_LEVEL = 0;
				GCC_PREPROCESSOR_DEFINITIONS = (
					"DEBUG=1",
					"$(inherited)",
				);
				GCC_WARN_64_TO_32_BIT_CONVERSION = YES;
				GCC_WARN_ABOUT_RETURN_TYPE = YES_ERROR;
				GCC_WARN_UNDECLARED_SELECTOR = YES;
				GCC_WARN_UNINITIALIZED_AUTOS = YES_AGGRESSIVE;
				GCC_WARN_UNUSED_FUNCTION = YES;
				GCC_WARN_UNUSED_VARIABLE = YES;
				IPHONEOS_DEPLOYMENT_TARGET = 12.1;
				MTL_ENABLE_DEBUG_INFO = INCLUDE_SOURCE;
				MTL_FAST_MATH = YES;
				ONLY_ACTIVE_ARCH = YES;
				SDKROOT = iphoneos;
				SWIFT_ACTIVE_COMPILATION_CONDITIONS = DEBUG;
				SWIFT_OPTIMIZATION_LEVEL = "-Onone";
			};
			name = Debug;
		};
		2A68190422184CE000197B8D /* Release */ = {
			isa = XCBuildConfiguration;
			buildSettings = {
				ALWAYS_SEARCH_USER_PATHS = NO;
				CLANG_ANALYZER_NONNULL = YES;
				CLANG_ANALYZER_NUMBER_OBJECT_CONVERSION = YES_AGGRESSIVE;
				CLANG_CXX_LANGUAGE_STANDARD = "gnu++14";
				CLANG_CXX_LIBRARY = "libc++";
				CLANG_ENABLE_MODULES = YES;
				CLANG_ENABLE_OBJC_ARC = YES;
				CLANG_ENABLE_OBJC_WEAK = YES;
				CLANG_WARN_BLOCK_CAPTURE_AUTORELEASING = YES;
				CLANG_WARN_BOOL_CONVERSION = YES;
				CLANG_WARN_COMMA = YES;
				CLANG_WARN_CONSTANT_CONVERSION = YES;
				CLANG_WARN_DEPRECATED_OBJC_IMPLEMENTATIONS = YES;
				CLANG_WARN_DIRECT_OBJC_ISA_USAGE = YES_ERROR;
				CLANG_WARN_DOCUMENTATION_COMMENTS = YES;
				CLANG_WARN_EMPTY_BODY = YES;
				CLANG_WARN_ENUM_CONVERSION = YES;
				CLANG_WARN_INFINITE_RECURSION = YES;
				CLANG_WARN_INT_CONVERSION = YES;
				CLANG_WARN_NON_LITERAL_NULL_CONVERSION = YES;
				CLANG_WARN_OBJC_IMPLICIT_RETAIN_SELF = YES;
				CLANG_WARN_OBJC_LITERAL_CONVERSION = YES;
				CLANG_WARN_OBJC_ROOT_CLASS = YES_ERROR;
				CLANG_WARN_RANGE_LOOP_ANALYSIS = YES;
				CLANG_WARN_STRICT_PROTOTYPES = YES;
				CLANG_WARN_SUSPICIOUS_MOVE = YES;
				CLANG_WARN_UNGUARDED_AVAILABILITY = YES_AGGRESSIVE;
				CLANG_WARN_UNREACHABLE_CODE = YES;
				CLANG_WARN__DUPLICATE_METHOD_MATCH = YES;
				CODE_SIGN_IDENTITY = "iPhone Developer";
				COPY_PHASE_STRIP = NO;
				DEBUG_INFORMATION_FORMAT = "dwarf-with-dsym";
				ENABLE_NS_ASSERTIONS = NO;
				ENABLE_STRICT_OBJC_MSGSEND = YES;
				GCC_C_LANGUAGE_STANDARD = gnu11;
				GCC_NO_COMMON_BLOCKS = YES;
				GCC_WARN_64_TO_32_BIT_CONVERSION = YES;
				GCC_WARN_ABOUT_RETURN_TYPE = YES_ERROR;
				GCC_WARN_UNDECLARED_SELECTOR = YES;
				GCC_WARN_UNINITIALIZED_AUTOS = YES_AGGRESSIVE;
				GCC_WARN_UNUSED_FUNCTION = YES;
				GCC_WARN_UNUSED_VARIABLE = YES;
				IPHONEOS_DEPLOYMENT_TARGET = 12.1;
				MTL_ENABLE_DEBUG_INFO = NO;
				MTL_FAST_MATH = YES;
				SDKROOT = iphoneos;
				SWIFT_COMPILATION_MODE = wholemodule;
				SWIFT_OPTIMIZATION_LEVEL = "-O";
				VALIDATE_PRODUCT = YES;
			};
			name = Release;
		};
		2A68190622184CE000197B8D /* Debug */ = {
			isa = XCBuildConfiguration;
			buildSettings = {
				ASSETCATALOG_COMPILER_APPICON_NAME = AppIcon;
				CODE_SIGN_STYLE = Automatic;
				INFOPLIST_FILE = GetItDone/Info.plist;
				LD_RUNPATH_SEARCH_PATHS = (
					"$(inherited)",
					"@executable_path/Frameworks",
				);
				PRODUCT_BUNDLE_IDENTIFIER = com.JungianTypology.GetItDone;
				PRODUCT_NAME = "$(TARGET_NAME)";
				SWIFT_VERSION = 4.2;
				TARGETED_DEVICE_FAMILY = "1,2";
			};
			name = Debug;
		};
		2A68190722184CE000197B8D /* Release */ = {
			isa = XCBuildConfiguration;
			buildSettings = {
				ASSETCATALOG_COMPILER_APPICON_NAME = AppIcon;
				CODE_SIGN_STYLE = Automatic;
				INFOPLIST_FILE = GetItDone/Info.plist;
				LD_RUNPATH_SEARCH_PATHS = (
					"$(inherited)",
					"@executable_path/Frameworks",
				);
				PRODUCT_BUNDLE_IDENTIFIER = com.JungianTypology.GetItDone;
				PRODUCT_NAME = "$(TARGET_NAME)";
				SWIFT_VERSION = 4.2;
				TARGETED_DEVICE_FAMILY = "1,2";
			};
			name = Release;
		};
/* End XCBuildConfiguration section */

/* Begin XCConfigurationList section */
		2A6818EB22184CDE00197B8D /* Build configuration list for PBXProject "GetItDone" */ = {
			isa = XCConfigurationList;
			buildConfigurations = (
				2A68190322184CE000197B8D /* Debug */,
				2A68190422184CE000197B8D /* Release */,
			);
			defaultConfigurationIsVisible = 0;
			defaultConfigurationName = Release;
		};
		2A68190522184CE000197B8D /* Build configuration list for PBXNativeTarget "GetItDone" */ = {
			isa = XCConfigurationList;
			buildConfigurations = (
				2A68190622184CE000197B8D /* Debug */,
				2A68190722184CE000197B8D /* Release */,
			);
			defaultConfigurationIsVisible = 0;
			defaultConfigurationName = Release;
		};
/* End XCConfigurationList section */

/* Begin XCVersionGroup section */
		2A6818FA22184CDE00197B8D /* GetItDone.xcdatamodeld */ = {
			isa = XCVersionGroup;
			children = (
				2A6818FB22184CDE00197B8D /* GetItDone.xcdatamodel */,
			);
			currentVersion = 2A6818FB22184CDE00197B8D /* GetItDone.xcdatamodel */;
			path = GetItDone.xcdatamodeld;
			sourceTree = "<group>";
			versionGroupType = wrapper.xcdatamodel;
		};
/* End XCVersionGroup section */
	};
	rootObject = 2A6818E822184CDE00197B8D /* Project object */;
}
